
Microsoft Visual Studio Solution File, Format Version 12.00
# Visual Studio Version 17
VisualStudioVersion = 17.2.32526.322
MinimumVisualStudioVersion = 10.0.40219.1
Project("{9A19103F-16F7-4668-BE54-9A1E7A4F7556}") = "RBS.API", "src\RBS.API\RBS.API.csproj", "{327DB72C-B48D-4F1C-A379-2CC8A514B362}"
EndProject
Project("{9A19103F-16F7-4668-BE54-9A1E7A4F7556}") = "RBS.Application", "src\RBS.Application\RBS.Application.csproj", "{315C4FE6-E42E-4F41-B855-84AD120BC964}"
EndProject
Project("{9A19103F-16F7-4668-BE54-9A1E7A4F7556}") = "RBS.Domain", "src\RBS.Domain\RBS.Domain.csproj", "{E1B223F9-1785-4EF5-A894-54E41CE5C417}"
EndProject
Project("{9A19103F-16F7-4668-BE54-9A1E7A4F7556}") = "RBS.Persistence", "src\RBS.Persistence\RBS.Persistence.csproj", "{A38335C8-B976-4249-BD6E-C34076B1A0D7}"
EndProject
Project("{9A19103F-16F7-4668-BE54-9A1E7A4F7556}") = "RBS.Infrastructure", "src\RBS.Infrastructure\RBS.Infrastructure.csproj", "{A8B5F954-A2B6-4A94-8AEE-55E8A0FB81CF}"
EndProject
Project("{2150E333-8FDC-42A3-9474-1A3956D46DE8}") = "API", "API", "{E547038A-107E-4B54-8C1B-142569F1B49E}"
EndProject
Project("{2150E333-8FDC-42A3-9474-1A3956D46DE8}") = "Core", "Core", "{B7FE4D15-A2B4-4775-89C1-4BF97D194F16}"
EndProject
Project("{2150E333-8FDC-42A3-9474-1A3956D46DE8}") = "Presentation", "Presentation", "{C3FE00EA-C95A-4FC2-8534-6BE645C20F33}"
EndProject
Project("{2150E333-8FDC-42A3-9474-1A3956D46DE8}") = "Infrastructure", "Infrastructure", "{A9DC473F-251A-475C-A939-70966C8C1E82}"
EndProject
Project("{2150E333-8FDC-42A3-9474-1A3956D46DE8}") = "Common.Repository", "Common.Repository", "{2C418970-D4D9-49EB-AE80-8F7EE11E6983}"
EndProject
Project("{9A19103F-16F7-4668-BE54-9A1E7A4F7556}") = "Common.Lists", "src\Common\Common.Lists\Common.Lists.csproj", "{565DBD92-47EE-482A-9B0F-D31F3611AF61}"
EndProject
Project("{9A19103F-16F7-4668-BE54-9A1E7A4F7556}") = "Common.Repository", "src\Common\Common.Repository\Common.Repository.csproj", "{13034D4B-76D8-4DFB-BB43-90110B5B6ABF}"
EndProject
Project("{9A19103F-16F7-4668-BE54-9A1E7A4F7556}") = "Common.Repository.EfCore", "src\Common\Common.Repository.EfCore\Common.Repository.EfCore.csproj", "{D4F2DBE6-E8E7-4AF9-AB06-9CAD041D02B9}"
EndProject
Global
	GlobalSection(SolutionConfigurationPlatforms) = preSolution
		Debug|Any CPU = Debug|Any CPU
		Release|Any CPU = Release|Any CPU
	EndGlobalSection
	GlobalSection(ProjectConfigurationPlatforms) = postSolution
		{327DB72C-B48D-4F1C-A379-2CC8A514B362}.Debug|Any CPU.ActiveCfg = Debug|Any CPU
		{327DB72C-B48D-4F1C-A379-2CC8A514B362}.Debug|Any CPU.Build.0 = Debug|Any CPU
		{327DB72C-B48D-4F1C-A379-2CC8A514B362}.Release|Any CPU.ActiveCfg = Release|Any CPU
		{327DB72C-B48D-4F1C-A379-2CC8A514B362}.Release|Any CPU.Build.0 = Release|Any CPU
		{315C4FE6-E42E-4F41-B855-84AD120BC964}.Debug|Any CPU.ActiveCfg = Debug|Any CPU
		{315C4FE6-E42E-4F41-B855-84AD120BC964}.Debug|Any CPU.Build.0 = Debug|Any CPU
		{315C4FE6-E42E-4F41-B855-84AD120BC964}.Release|Any CPU.ActiveCfg = Release|Any CPU
		{315C4FE6-E42E-4F41-B855-84AD120BC964}.Release|Any CPU.Build.0 = Release|Any CPU
		{E1B223F9-1785-4EF5-A894-54E41CE5C417}.Debug|Any CPU.ActiveCfg = Debug|Any CPU
		{E1B223F9-1785-4EF5-A894-54E41CE5C417}.Debug|Any CPU.Build.0 = Debug|Any CPU
		{E1B223F9-1785-4EF5-A894-54E41CE5C417}.Release|Any CPU.ActiveCfg = Release|Any CPU
		{E1B223F9-1785-4EF5-A894-54E41CE5C417}.Release|Any CPU.Build.0 = Release|Any CPU
		{A38335C8-B976-4249-BD6E-C34076B1A0D7}.Debug|Any CPU.ActiveCfg = Debug|Any CPU
		{A38335C8-B976-4249-BD6E-C34076B1A0D7}.Debug|Any CPU.Build.0 = Debug|Any CPU
		{A38335C8-B976-4249-BD6E-C34076B1A0D7}.Release|Any CPU.ActiveCfg = Release|Any CPU
		{A38335C8-B976-4249-BD6E-C34076B1A0D7}.Release|Any CPU.Build.0 = Release|Any CPU
		{A8B5F954-A2B6-4A94-8AEE-55E8A0FB81CF}.Debug|Any CPU.ActiveCfg = Debug|Any CPU
		{A8B5F954-A2B6-4A94-8AEE-55E8A0FB81CF}.Debug|Any CPU.Build.0 = Debug|Any CPU
		{A8B5F954-A2B6-4A94-8AEE-55E8A0FB81CF}.Release|Any CPU.ActiveCfg = Release|Any CPU
		{A8B5F954-A2B6-4A94-8AEE-55E8A0FB81CF}.Release|Any CPU.Build.0 = Release|Any CPU
		{565DBD92-47EE-482A-9B0F-D31F3611AF61}.Debug|Any CPU.ActiveCfg = Debug|Any CPU
		{565DBD92-47EE-482A-9B0F-D31F3611AF61}.Debug|Any CPU.Build.0 = Debug|Any CPU
		{565DBD92-47EE-482A-9B0F-D31F3611AF61}.Release|Any CPU.ActiveCfg = Release|Any CPU
		{565DBD92-47EE-482A-9B0F-D31F3611AF61}.Release|Any CPU.Build.0 = Release|Any CPU
		{13034D4B-76D8-4DFB-BB43-90110B5B6ABF}.Debug|Any CPU.ActiveCfg = Debug|Any CPU
		{13034D4B-76D8-4DFB-BB43-90110B5B6ABF}.Debug|Any CPU.Build.0 = Debug|Any CPU
		{13034D4B-76D8-4DFB-BB43-90110B5B6ABF}.Release|Any CPU.ActiveCfg = Release|Any CPU
		{13034D4B-76D8-4DFB-BB43-90110B5B6ABF}.Release|Any CPU.Build.0 = Release|Any CPU
		{D4F2DBE6-E8E7-4AF9-AB06-9CAD041D02B9}.Debug|Any CPU.ActiveCfg = Debug|Any CPU
		{D4F2DBE6-E8E7-4AF9-AB06-9CAD041D02B9}.Debug|Any CPU.Build.0 = Debug|Any CPU
		{D4F2DBE6-E8E7-4AF9-AB06-9CAD041D02B9}.Release|Any CPU.ActiveCfg = Release|Any CPU
		{D4F2DBE6-E8E7-4AF9-AB06-9CAD041D02B9}.Release|Any CPU.Build.0 = Release|Any CPU
	EndGlobalSection
	GlobalSection(SolutionProperties) = preSolution
		HideSolutionNode = FALSE
	EndGlobalSection
	GlobalSection(NestedProjects) = preSolution
		{327DB72C-B48D-4F1C-A379-2CC8A514B362} = {C3FE00EA-C95A-4FC2-8534-6BE645C20F33}
		{315C4FE6-E42E-4F41-B855-84AD120BC964} = {B7FE4D15-A2B4-4775-89C1-4BF97D194F16}
		{E1B223F9-1785-4EF5-A894-54E41CE5C417} = {B7FE4D15-A2B4-4775-89C1-4BF97D194F16}
		{A38335C8-B976-4249-BD6E-C34076B1A0D7} = {A9DC473F-251A-475C-A939-70966C8C1E82}
		{A8B5F954-A2B6-4A94-8AEE-55E8A0FB81CF} = {A9DC473F-251A-475C-A939-70966C8C1E82}
		{B7FE4D15-A2B4-4775-89C1-4BF97D194F16} = {E547038A-107E-4B54-8C1B-142569F1B49E}
		{C3FE00EA-C95A-4FC2-8534-6BE645C20F33} = {E547038A-107E-4B54-8C1B-142569F1B49E}
		{A9DC473F-251A-475C-A939-70966C8C1E82} = {E547038A-107E-4B54-8C1B-142569F1B49E}
		{565DBD92-47EE-482A-9B0F-D31F3611AF61} = {2C418970-D4D9-49EB-AE80-8F7EE11E6983}
		{13034D4B-76D8-4DFB-BB43-90110B5B6ABF} = {2C418970-D4D9-49EB-AE80-8F7EE11E6983}
		{D4F2DBE6-E8E7-4AF9-AB06-9CAD041D02B9} = {2C418970-D4D9-49EB-AE80-8F7EE11E6983}
	EndGlobalSection
	GlobalSection(ExtensibilityGlobals) = postSolution
		SolutionGuid = {47F41C44-1B3A-4602-93E6-91777466534C}
	EndGlobalSection
EndGlobal
