
Microsoft Visual Studio Solution File, Format Version 12.00
# Visual Studio Version 17
VisualStudioVersion = 17.2.32526.322
MinimumVisualStudioVersion = 10.0.40219.1
Project("{9A19103F-16F7-4668-BE54-9A1E7A4F7556}") = "RBS.API", "src\RBS.API\RBS.API.csproj", "{327DB72C-B48D-4F1C-A379-2CC8A514B362}"
EndProject
Project("{2150E333-8FDC-42A3-9474-1A3956D46DE8}") = "Core", "Core", "{43905B49-DB00-46C6-A1B2-D30F9C961DB3}"
EndProject
Project("{9A19103F-16F7-4668-BE54-9A1E7A4F7556}") = "RBS.Application", "src\RBS.Application\RBS.Application.csproj", "{315C4FE6-E42E-4F41-B855-84AD120BC964}"
EndProject
Project("{9A19103F-16F7-4668-BE54-9A1E7A4F7556}") = "RBS.Domain", "src\RBS.Domain\RBS.Domain.csproj", "{E1B223F9-1785-4EF5-A894-54E41CE5C417}"
EndProject
Project("{2150E333-8FDC-42A3-9474-1A3956D46DE8}") = "Infrastructure", "Infrastructure", "{D508D6A7-965B-4844-AE6D-D13859B09EF0}"
EndProject
Project("{9A19103F-16F7-4668-BE54-9A1E7A4F7556}") = "RBS.Persistence", "src\RBS.Persistence\RBS.Persistence.csproj", "{A38335C8-B976-4249-BD6E-C34076B1A0D7}"
EndProject
Project("{9A19103F-16F7-4668-BE54-9A1E7A4F7556}") = "RBS.Data", "src\RBS.Data\RBS.Data.csproj", "{E16F218D-39EC-4DB2-BED3-6DF16F3DFC5C}"
EndProject
Project("{2150E333-8FDC-42A3-9474-1A3956D46DE8}") = "Presentation", "Presentation", "{03C46CAE-A270-428F-997B-50E54F95D022}"
EndProject
Project("{FAE04EC0-301F-11D3-BF4B-00C04F79EFBC}") = "RBS.Infrastructure", "src\RBS.Infrastructure\RBS.Infrastructure.csproj", "{A8B5F954-A2B6-4A94-8AEE-55E8A0FB81CF}"
EndProject
Project("{FAE04EC0-301F-11D3-BF4B-00C04F79EFBC}") = "RBS.Worker", "src\RBS.Worker\RBS.Worker.csproj", "{76F665A8-07EE-44CE-A2B5-D8FA047936EC}"
EndProject
Global
	GlobalSection(SolutionConfigurationPlatforms) = preSolution
		Debug|Any CPU = Debug|Any CPU
		Release|Any CPU = Release|Any CPU
	EndGlobalSection
	GlobalSection(ProjectConfigurationPlatforms) = postSolution
		{327DB72C-B48D-4F1C-A379-2CC8A514B362}.Debug|Any CPU.ActiveCfg = Debug|Any CPU
		{327DB72C-B48D-4F1C-A379-2CC8A514B362}.Debug|Any CPU.Build.0 = Debug|Any CPU
		{327DB72C-B48D-4F1C-A379-2CC8A514B362}.Release|Any CPU.ActiveCfg = Release|Any CPU
		{327DB72C-B48D-4F1C-A379-2CC8A514B362}.Release|Any CPU.Build.0 = Release|Any CPU
		{315C4FE6-E42E-4F41-B855-84AD120BC964}.Debug|Any CPU.ActiveCfg = Debug|Any CPU
		{315C4FE6-E42E-4F41-B855-84AD120BC964}.Debug|Any CPU.Build.0 = Debug|Any CPU
		{315C4FE6-E42E-4F41-B855-84AD120BC964}.Release|Any CPU.ActiveCfg = Release|Any CPU
		{315C4FE6-E42E-4F41-B855-84AD120BC964}.Release|Any CPU.Build.0 = Release|Any CPU
		{E1B223F9-1785-4EF5-A894-54E41CE5C417}.Debug|Any CPU.ActiveCfg = Debug|Any CPU
		{E1B223F9-1785-4EF5-A894-54E41CE5C417}.Debug|Any CPU.Build.0 = Debug|Any CPU
		{E1B223F9-1785-4EF5-A894-54E41CE5C417}.Release|Any CPU.ActiveCfg = Release|Any CPU
		{E1B223F9-1785-4EF5-A894-54E41CE5C417}.Release|Any CPU.Build.0 = Release|Any CPU
		{A38335C8-B976-4249-BD6E-C34076B1A0D7}.Debug|Any CPU.ActiveCfg = Debug|Any CPU
		{A38335C8-B976-4249-BD6E-C34076B1A0D7}.Debug|Any CPU.Build.0 = Debug|Any CPU
		{A38335C8-B976-4249-BD6E-C34076B1A0D7}.Release|Any CPU.ActiveCfg = Release|Any CPU
		{A38335C8-B976-4249-BD6E-C34076B1A0D7}.Release|Any CPU.Build.0 = Release|Any CPU
		{E16F218D-39EC-4DB2-BED3-6DF16F3DFC5C}.Debug|Any CPU.ActiveCfg = Debug|Any CPU
		{E16F218D-39EC-4DB2-BED3-6DF16F3DFC5C}.Debug|Any CPU.Build.0 = Debug|Any CPU
		{E16F218D-39EC-4DB2-BED3-6DF16F3DFC5C}.Release|Any CPU.ActiveCfg = Release|Any CPU
		{E16F218D-39EC-4DB2-BED3-6DF16F3DFC5C}.Release|Any CPU.Build.0 = Release|Any CPU
		{A8B5F954-A2B6-4A94-8AEE-55E8A0FB81CF}.Debug|Any CPU.ActiveCfg = Debug|Any CPU
		{A8B5F954-A2B6-4A94-8AEE-55E8A0FB81CF}.Debug|Any CPU.Build.0 = Debug|Any CPU
		{A8B5F954-A2B6-4A94-8AEE-55E8A0FB81CF}.Release|Any CPU.ActiveCfg = Release|Any CPU
		{A8B5F954-A2B6-4A94-8AEE-55E8A0FB81CF}.Release|Any CPU.Build.0 = Release|Any CPU
		{76F665A8-07EE-44CE-A2B5-D8FA047936EC}.Debug|Any CPU.ActiveCfg = Debug|Any CPU
		{76F665A8-07EE-44CE-A2B5-D8FA047936EC}.Debug|Any CPU.Build.0 = Debug|Any CPU
		{76F665A8-07EE-44CE-A2B5-D8FA047936EC}.Release|Any CPU.ActiveCfg = Release|Any CPU
		{76F665A8-07EE-44CE-A2B5-D8FA047936EC}.Release|Any CPU.Build.0 = Release|Any CPU
	EndGlobalSection
	GlobalSection(SolutionProperties) = preSolution
		HideSolutionNode = FALSE
	EndGlobalSection
	GlobalSection(NestedProjects) = preSolution
		{327DB72C-B48D-4F1C-A379-2CC8A514B362} = {03C46CAE-A270-428F-997B-50E54F95D022}
		{315C4FE6-E42E-4F41-B855-84AD120BC964} = {43905B49-DB00-46C6-A1B2-D30F9C961DB3}
		{E1B223F9-1785-4EF5-A894-54E41CE5C417} = {43905B49-DB00-46C6-A1B2-D30F9C961DB3}
		{A38335C8-B976-4249-BD6E-C34076B1A0D7} = {D508D6A7-965B-4844-AE6D-D13859B09EF0}
		{E16F218D-39EC-4DB2-BED3-6DF16F3DFC5C} = {43905B49-DB00-46C6-A1B2-D30F9C961DB3}
		{A8B5F954-A2B6-4A94-8AEE-55E8A0FB81CF} = {D508D6A7-965B-4844-AE6D-D13859B09EF0}
		{76F665A8-07EE-44CE-A2B5-D8FA047936EC} = {03C46CAE-A270-428F-997B-50E54F95D022}
	EndGlobalSection
	GlobalSection(ExtensibilityGlobals) = postSolution
		SolutionGuid = {47F41C44-1B3A-4602-93E6-91777466534C}
	EndGlobalSection
EndGlobal
